
Microsoft Visual Studio Solution File, Format Version 12.00
# Visual Studio Version 17
VisualStudioVersion = 17.14.36408.4 d17.14
MinimumVisualStudioVersion = 10.0.40219.1
Project("{8BC9CEB8-8B4A-11D0-8D11-00A0C91BC942}") = "Sandbox", "Sandbox\Sandbox.vcxproj", "{4786976D-7E15-4022-BC75-420F9199D059}"
EndProject
Project("{8BC9CEB8-8B4A-11D0-8D11-00A0C91BC942}") = "Rizze", "Rizze\Rizze.vcxproj", "{9647D241-0E09-4AFF-ACB1-816C00180121}"
EndProject
Global
	GlobalSection(SolutionConfigurationPlatforms) = preSolution
		Debug|x64 = Debug|x64
		Release|x64 = Release|x64
	EndGlobalSection
	GlobalSection(ProjectConfigurationPlatforms) = postSolution
		{9647D241-0E09-4AFF-ACB1-816C00180121}.Debug|x64.ActiveCfg = Debug|x64
		{9647D241-0E09-4AFF-ACB1-816C00180121}.Debug|x64.Build.0 = Debug|x64
		{9647D241-0E09-4AFF-ACB1-816C00180121}.Release|x64.ActiveCfg = Release|x64
		{9647D241-0E09-4AFF-ACB1-816C00180121}.Release|x64.Build.0 = Release|x64
		{4786976D-7E15-4022-BC75-420F9199D059}.Debug|x64.ActiveCfg = Debug|x64
		{4786976D-7E15-4022-BC75-420F9199D059}.Debug|x64.Build.0 = Debug|x64
		{4786976D-7E15-4022-BC75-420F9199D059}.Release|x64.ActiveCfg = Release|x64
		{4786976D-7E15-4022-BC75-420F9199D059}.Release|x64.Build.0 = Release|x64
	EndGlobalSection
	GlobalSection(SolutionProperties) = preSolution
		HideSolutionNode = FALSE
	EndGlobalSection
	GlobalSection(ExtensibilityGlobals) = postSolution
		SolutionGuid = {E5F6399E-A965-4C90-8C07-08F04F35D325}
	EndGlobalSection
EndGlobal
